// !$*UTF8*$!
{
	archiveVersion = 1;
	classes = {
	};
	objectVersion = 46;
	objects = {

/* Begin PBXBuildFile section */
		ADF783071DD7251B004FA053 /* AppDelegate.swift in Sources */ = {isa = PBXBuildFile; fileRef = ADF783061DD7251B004FA053 /* AppDelegate.swift */; };
		ADF783091DD7251B004FA053 /* ViewController.swift in Sources */ = {isa = PBXBuildFile; fileRef = ADF783081DD7251B004FA053 /* ViewController.swift */; };
		ADF7830C1DD7251B004FA053 /* Main.storyboard in Resources */ = {isa = PBXBuildFile; fileRef = ADF7830A1DD7251B004FA053 /* Main.storyboard */; };
		ADF7830E1DD7251B004FA053 /* Assets.xcassets in Resources */ = {isa = PBXBuildFile; fileRef = ADF7830D1DD7251B004FA053 /* Assets.xcassets */; };
		ADF783111DD7251B004FA053 /* LaunchScreen.storyboard in Resources */ = {isa = PBXBuildFile; fileRef = ADF7830F1DD7251B004FA053 /* LaunchScreen.storyboard */; };
/* End PBXBuildFile section */

/* Begin PBXFileReference section */
		ADF783031DD7251B004FA053 /* returnToOtherEnter.app */ = {isa = PBXFileReference; explicitFileType = wrapper.application; includeInIndex = 0; path = returnToOtherEnter.app; sourceTree = BUILT_PRODUCTS_DIR; };
		ADF783061DD7251B004FA053 /* AppDelegate.swift */ = {isa = PBXFileReference; lastKnownFileType = sourcecode.swift; path = AppDelegate.swift; sourceTree = "<group>"; };
		ADF783081DD7251B004FA053 /* ViewController.swift */ = {isa = PBXFileReference; lastKnownFileType = sourcecode.swift; path = ViewController.swift; sourceTree = "<group>"; };
		ADF7830B1DD7251B004FA053 /* Base */ = {isa = PBXFileReference; lastKnownFileType = file.storyboard; name = Base; path = Base.lproj/Main.storyboard; sourceTree = "<group>"; };
		ADF7830D1DD7251B004FA053 /* Assets.xcassets */ = {isa = PBXFileReference; lastKnownFileType = folder.assetcatalog; path = Assets.xcassets; sourceTree = "<group>"; };
		ADF783101DD7251B004FA053 /* Base */ = {isa = PBXFileReference; lastKnownFileType = file.storyboard; name = Base; path = Base.lproj/LaunchScreen.storyboard; sourceTree = "<group>"; };
		ADF783121DD7251B004FA053 /* Info.plist */ = {isa = PBXFileReference; lastKnownFileType = text.plist.xml; path = Info.plist; sourceTree = "<group>"; };
/* End PBXFileReference section */

/* Begin PBXFrameworksBuildPhase section */
		ADF783001DD7251B004FA053 /* Frameworks */ = {
			isa = PBXFrameworksBuildPhase;
			buildActionMask = 2147483647;
			files = (
			);
			runOnlyForDeploymentPostprocessing = 0;
		};
/* End PBXFrameworksBuildPhase section */

/* Begin PBXGroup section */
		ADF782FA1DD7251B004FA053 = {
			isa = PBXGroup;
			children = (
				ADF783051DD7251B004FA053 /* returnToOtherEnter */,
				ADF783041DD7251B004FA053 /* Products */,
			);
			sourceTree = "<group>";
		};
		ADF783041DD7251B004FA053 /* Products */ = {
			isa = PBXGroup;
			children = (
				ADF783031DD7251B004FA053 /* returnToOtherEnter.app */,
			);
			name = Products;
			sourceTree = "<group>";
		};
		ADF783051DD7251B004FA053 /* returnToOtherEnter */ = {
			isa = PBXGroup;
			children = (
				ADF783061DD7251B004FA053 /* AppDelegate.swift */,
				ADF783081DD7251B004FA053 /* ViewController.swift */,
				ADF7830A1DD7251B004FA053 /* Main.storyboard */,
				ADF7830D1DD7251B004FA053 /* Assets.xcassets */,
				ADF7830F1DD7251B004FA053 /* LaunchScreen.storyboard */,
				ADF783121DD7251B004FA053 /* Info.plist */,
			);
			path = returnToOtherEnter;
			sourceTree = "<group>";
		};
/* End PBXGroup section */

/* Begin PBXNativeTarget section */
		ADF783021DD7251B004FA053 /* returnToOtherEnter */ = {
			isa = PBXNativeTarget;
			buildConfigurationList = ADF783151DD7251B004FA053 /* Build configuration list for PBXNativeTarget "returnToOtherEnter" */;
			buildPhases = (
				ADF782FF1DD7251B004FA053 /* Sources */,
				ADF783001DD7251B004FA053 /* Frameworks */,
				ADF783011DD7251B004FA053 /* Resources */,
			);
			buildRules = (
			);
			dependencies = (
			);
			name = returnToOtherEnter;
			productName = returnToOtherEnter;
			productReference = ADF783031DD7251B004FA053 /* returnToOtherEnter.app */;
			productType = "com.apple.product-type.application";
		};
/* End PBXNativeTarget section */

/* Begin PBXProject section */
		ADF782FB1DD7251B004FA053 /* Project object */ = {
			isa = PBXProject;
			attributes = {
				LastSwiftUpdateCheck = 0810;
				LastUpgradeCheck = 0810;
				ORGANIZATIONNAME = "李小明";
				TargetAttributes = {
					ADF783021DD7251B004FA053 = {
						CreatedOnToolsVersion = 8.1;
						DevelopmentTeam = Q4Q9VP7TD9;
						ProvisioningStyle = Automatic;
					};
				};
			};
			buildConfigurationList = ADF782FE1DD7251B004FA053 /* Build configuration list for PBXProject "returnToOtherEnter" */;
			compatibilityVersion = "Xcode 3.2";
			developmentRegion = English;
			hasScannedForEncodings = 0;
			knownRegions = (
				en,
				Base,
			);
			mainGroup = ADF782FA1DD7251B004FA053;
			productRefGroup = ADF783041DD7251B004FA053 /* Products */;
			projectDirPath = "";
			projectRoot = "";
			targets = (
				ADF783021DD7251B004FA053 /* returnToOtherEnter */,
			);
		};
/* End PBXProject section */

/* Begin PBXResourcesBuildPhase section */
		ADF783011DD7251B004FA053 /* Resources */ = {
			isa = PBXResourcesBuildPhase;
			buildActionMask = 2147483647;
			files = (
				ADF783111DD7251B004FA053 /* LaunchScreen.storyboard in Resources */,
				ADF7830E1DD7251B004FA053 /* Assets.xcassets in Resources */,
				ADF7830C1DD7251B004FA053 /* Main.storyboard in Resources */,
			);
			runOnlyForDeploymentPostprocessing = 0;
		};
/* End PBXResourcesBuildPhase section */

/* Begin PBXSourcesBuildPhase section */
		ADF782FF1DD7251B004FA053 /* Sources */ = {
			isa = PBXSourcesBuildPhase;
			buildActionMask = 2147483647;
			files = (
				ADF783091DD7251B004FA053 /* ViewController.swift in Sources */,
				ADF783071DD7251B004FA053 /* AppDelegate.swift in Sources */,
			);
			runOnlyForDeploymentPostprocessing = 0;
		};
/* End PBXSourcesBuildPhase section */

/* Begin PBXVariantGroup section */
		ADF7830A1DD7251B004FA053 /* Main.storyboard */ = {
			isa = PBXVariantGroup;
			children = (
				ADF7830B1DD7251B004FA053 /* Base */,
			);
			name = Main.storyboard;
			sourceTree = "<group>";
		};
		ADF7830F1DD7251B004FA053 /* LaunchScreen.storyboard */ = {
			isa = PBXVariantGroup;
			children = (
				ADF783101DD7251B004FA053 /* Base */,
			);
			name = LaunchScreen.storyboard;
			sourceTree = "<group>";
		};
/* End PBXVariantGroup section */

/* Begin XCBuildConfiguration section */
		ADF783131DD7251B004FA053 /* Debug */ = {
			isa = XCBuildConfiguration;
			buildSettings = {
				ALWAYS_SEARCH_USER_PATHS = NO;
				CLANG_ANALYZER_NONNULL = YES;
				CLANG_CXX_LANGUAGE_STANDARD = "gnu++0x";
				CLANG_CXX_LIBRARY = "libc++";
				CLANG_ENABLE_MODULES = YES;
				CLANG_ENABLE_OBJC_ARC = YES;
				CLANG_WARN_BOOL_CONVERSION = YES;
				CLANG_WARN_CONSTANT_CONVERSION = YES;
				CLANG_WARN_DIRECT_OBJC_ISA_USAGE = YES_ERROR;
				CLANG_WARN_DOCUMENTATION_COMMENTS = YES;
				CLANG_WARN_EMPTY_BODY = YES;
				CLANG_WARN_ENUM_CONVERSION = YES;
				CLANG_WARN_INFINITE_RECURSION = YES;
				CLANG_WARN_INT_CONVERSION = YES;
				CLANG_WARN_OBJC_ROOT_CLASS = YES_ERROR;
				CLANG_WARN_SUSPICIOUS_MOVES = YES;
				CLANG_WARN_UNREACHABLE_CODE = YES;
				CLANG_WARN__DUPLICATE_METHOD_MATCH = YES;
				"CODE_SIGN_IDENTITY[sdk=iphoneos*]" = "iPhone Developer";
				COPY_PHASE_STRIP = NO;
				DEBUG_INFORMATION_FORMAT = dwarf;
				ENABLE_STRICT_OBJC_MSGSEND = YES;
				ENABLE_TESTABILITY = YES;
				GCC_C_LANGUAGE_STANDARD = gnu99;
				GCC_DYNAMIC_NO_PIC = NO;
				GCC_NO_COMMON_BLOCKS = YES;
				GCC_OPTIMIZATION_LEVEL = 0;
				GCC_PREPROCESSOR_DEFINITIONS = (
					"DEBUG=1",
					"$(inherited)",
				);
				GCC_WARN_64_TO_32_BIT_CONVERSION = YES;
				GCC_WARN_ABOUT_RETURN_TYPE = YES_ERROR;
				GCC_WARN_UNDECLARED_SELECTOR = YES;
				GCC_WARN_UNINITIALIZED_AUTOS = YES_AGGRESSIVE;
				GCC_WARN_UNUSED_FUNCTION = YES;
				GCC_WARN_UNUSED_VARIABLE = YES;
				IPHONEOS_DEPLOYMENT_TARGET = 10.1;
				MTL_ENABLE_DEBUG_INFO = YES;
				ONLY_ACTIVE_ARCH = YES;
				SDKROOT = iphoneos;
				SWIFT_ACTIVE_COMPILATION_CONDITIONS = DEBUG;
				SWIFT_OPTIMIZATION_LEVEL = "-Onone";
				TARGETED_DEVICE_FAMILY = "1,2";
			};
			name = Debug;
		};
		ADF783141DD7251B004FA053 /* Release */ = {
			isa = XCBuildConfiguration;
			buildSettings = {
				ALWAYS_SEARCH_USER_PATHS = NO;
				CLANG_ANALYZER_NONNULL = YES;
				CLANG_CXX_LANGUAGE_STANDARD = "gnu++0x";
				CLANG_CXX_LIBRARY = "libc++";
				CLANG_ENABLE_MODULES = YES;
				CLANG_ENABLE_OBJC_ARC = YES;
				CLANG_WARN_BOOL_CONVERSION = YES;
				CLANG_WARN_CONSTANT_CONVERSION = YES;
				CLANG_WARN_DIRECT_OBJC_ISA_USAGE = YES_ERROR;
				CLANG_WARN_DOCUMENTATION_COMMENTS = YES;
				CLANG_WARN_EMPTY_BODY = YES;
				CLANG_WARN_ENUM_CONVERSION = YES;
				CLANG_WARN_INFINITE_RECURSION = YES;
				CLANG_WARN_INT_CONVERSION = YES;
				CLANG_WARN_OBJC_ROOT_CLASS = YES_ERROR;
				CLANG_WARN_SUSPICIOUS_MOVES = YES;
				CLANG_WARN_UNREACHABLE_CODE = YES;
				CLANG_WARN__DUPLICATE_METHOD_MATCH = YES;
				"CODE_SIGN_IDENTITY[sdk=iphoneos*]" = "iPhone Developer";
				COPY_PHASE_STRIP = NO;
				DEBUG_INFORMATION_FORMAT = "dwarf-with-dsym";
				ENABLE_NS_ASSERTIONS = NO;
				ENABLE_STRICT_OBJC_MSGSEND = YES;
				GCC_C_LANGUAGE_STANDARD = gnu99;
				GCC_NO_COMMON_BLOCKS = YES;
				GCC_WARN_64_TO_32_BIT_CONVERSION = YES;
				GCC_WARN_ABOUT_RETURN_TYPE = YES_ERROR;
				GCC_WARN_UNDECLARED_SELECTOR = YES;
				GCC_WARN_UNINITIALIZED_AUTOS = YES_AGGRESSIVE;
				GCC_WARN_UNUSED_FUNCTION = YES;
				GCC_WARN_UNUSED_VARIABLE = YES;
				IPHONEOS_DEPLOYMENT_TARGET = 10.1;
				MTL_ENABLE_DEBUG_INFO = NO;
				SDKROOT = iphoneos;
				SWIFT_OPTIMIZATION_LEVEL = "-Owholemodule";
				TARGETED_DEVICE_FAMILY = "1,2";
				VALIDATE_PRODUCT = YES;
			};
			name = Release;
		};
		ADF783161DD7251B004FA053 /* Debug */ = {
			isa = XCBuildConfiguration;
			buildSettings = {
				ASSETCATALOG_COMPILER_APPICON_NAME = AppIcon;
				DEVELOPMENT_TEAM = Q4Q9VP7TD9;
				INFOPLIST_FILE = returnToOtherEnter/Info.plist;
				LD_RUNPATH_SEARCH_PATHS = "$(inherited) @executable_path/Frameworks";
				PRODUCT_BUNDLE_IDENTIFIER = appcoda.com.returnToOtherEnter;
				PRODUCT_NAME = "$(TARGET_NAME)";
				SWIFT_VERSION = 3.0;
			};
			name = Debug;
		};
		ADF783171DD7251B004FA053 /* Release */ = {
			isa = XCBuildConfiguration;
			buildSettings = {
				ASSETCATALOG_COMPILER_APPICON_NAME = AppIcon;
				DEVELOPMENT_TEAM = Q4Q9VP7TD9;
				INFOPLIST_FILE = returnToOtherEnter/Info.plist;
				LD_RUNPATH_SEARCH_PATHS = "$(inherited) @executable_path/Frameworks";
				PRODUCT_BUNDLE_IDENTIFIER = appcoda.com.returnToOtherEnter;
				PRODUCT_NAME = "$(TARGET_NAME)";
				SWIFT_VERSION = 3.0;
			};
			name = Release;
		};
/* End XCBuildConfiguration section */

/* Begin XCConfigurationList section */
		ADF782FE1DD7251B004FA053 /* Build configuration list for PBXProject "returnToOtherEnter" */ = {
			isa = XCConfigurationList;
			buildConfigurations = (
				ADF783131DD7251B004FA053 /* Debug */,
				ADF783141DD7251B004FA053 /* Release */,
			);
			defaultConfigurationIsVisible = 0;
			defaultConfigurationName = Release;
		};
		ADF783151DD7251B004FA053 /* Build configuration list for PBXNativeTarget "returnToOtherEnter" */ = {
			isa = XCConfigurationList;
			buildConfigurations = (
				ADF783161DD7251B004FA053 /* Debug */,
				ADF783171DD7251B004FA053 /* Release */,
			);
			defaultConfigurationIsVisible = 0;
		};
/* End XCConfigurationList section */
	};
	rootObject = ADF782FB1DD7251B004FA053 /* Project object */;
}
